
Microsoft Visual Studio Solution File, Format Version 12.00
# Visual Studio 2013
VisualStudioVersion = 12.0.21005.1
MinimumVisualStudioVersion = 10.0.40219.1
Project("{8BC9CEB8-8B4A-11D0-8D11-00A0C91BC942}") = "Server", "Server\Server.vcxproj", "{585F9E2E-D5AD-4B3C-B32B-080080A9A49E}"
EndProject
Project("{8BC9CEB8-8B4A-11D0-8D11-00A0C91BC942}") = "Сlient", "Сlient\Сlient.vcxproj", "{1848C0AF-A5D1-42C2-8272-11BE0D20C4FE}"
EndProject
Global
	GlobalSection(SolutionConfigurationPlatforms) = preSolution
		Debug|Win32 = Debug|Win32
		Release|Win32 = Release|Win32
	EndGlobalSection
	GlobalSection(ProjectConfigurationPlatforms) = postSolution
		{585F9E2E-D5AD-4B3C-B32B-080080A9A49E}.Debug|Win32.ActiveCfg = Debug|Win32
		{585F9E2E-D5AD-4B3C-B32B-080080A9A49E}.Debug|Win32.Build.0 = Debug|Win32
		{585F9E2E-D5AD-4B3C-B32B-080080A9A49E}.Release|Win32.ActiveCfg = Release|Win32
		{585F9E2E-D5AD-4B3C-B32B-080080A9A49E}.Release|Win32.Build.0 = Release|Win32
		{1848C0AF-A5D1-42C2-8272-11BE0D20C4FE}.Debug|Win32.ActiveCfg = Debug|Win32
		{1848C0AF-A5D1-42C2-8272-11BE0D20C4FE}.Debug|Win32.Build.0 = Debug|Win32
		{1848C0AF-A5D1-42C2-8272-11BE0D20C4FE}.Release|Win32.ActiveCfg = Release|Win32
		{1848C0AF-A5D1-42C2-8272-11BE0D20C4FE}.Release|Win32.Build.0 = Release|Win32
	EndGlobalSection
	GlobalSection(SolutionProperties) = preSolution
		HideSolutionNode = FALSE
	EndGlobalSection
EndGlobal
